
Microsoft Visual Studio Solution File, Format Version 12.00
# Visual Studio Version 16
VisualStudioVersion = 16.0.29411.138
MinimumVisualStudioVersion = 10.0.40219.1
Project("{8BC9CEB8-8B4A-11D0-8D11-00A0C91BC942}") = "NRF24HardwareDriver_Node2", "NRF24HardwareDriver_Node2\NRF24HardwareDriver.vcxproj", "{F69CED05-555F-42A1-BB51-D42923EDA85C}"
EndProject
Global
	GlobalSection(SolutionConfigurationPlatforms) = preSolution
		ChildDBG|VisualGDB = ChildDBG|VisualGDB
		Debug|VisualGDB = Debug|VisualGDB
		ParentDBG|VisualGDB = ParentDBG|VisualGDB
		Release|VisualGDB = Release|VisualGDB
	EndGlobalSection
	GlobalSection(ProjectConfigurationPlatforms) = postSolution
		{F69CED05-555F-42A1-BB51-D42923EDA85C}.ChildDBG|VisualGDB.ActiveCfg = ChildDBG|VisualGDB
		{F69CED05-555F-42A1-BB51-D42923EDA85C}.ChildDBG|VisualGDB.Build.0 = ChildDBG|VisualGDB
		{F69CED05-555F-42A1-BB51-D42923EDA85C}.Debug|VisualGDB.ActiveCfg = Debug|VisualGDB
		{F69CED05-555F-42A1-BB51-D42923EDA85C}.Debug|VisualGDB.Build.0 = Debug|VisualGDB
		{F69CED05-555F-42A1-BB51-D42923EDA85C}.ParentDBG|VisualGDB.ActiveCfg = ParentDBG|VisualGDB
		{F69CED05-555F-42A1-BB51-D42923EDA85C}.ParentDBG|VisualGDB.Build.0 = ParentDBG|VisualGDB
		{F69CED05-555F-42A1-BB51-D42923EDA85C}.Release|VisualGDB.ActiveCfg = Release|VisualGDB
		{F69CED05-555F-42A1-BB51-D42923EDA85C}.Release|VisualGDB.Build.0 = Release|VisualGDB
	EndGlobalSection
	GlobalSection(SolutionProperties) = preSolution
		HideSolutionNode = FALSE
	EndGlobalSection
	GlobalSection(ExtensibilityGlobals) = postSolution
		SolutionGuid = {0E6060BB-4CA0-4132-94AE-9E59A444B145}
	EndGlobalSection
EndGlobal
