
Microsoft Visual Studio Solution File, Format Version 12.00
# Visual Studio Version 16
VisualStudioVersion = 16.0.29519.161
MinimumVisualStudioVersion = 10.0.40219.1
Project("{FAE04EC0-301F-11D3-BF4B-00C04F79EFBC}") = "NetworkExplorer", "NetworkExplorer\NetworkExplorer.csproj", "{2B80B796-4B43-47E1-A544-E196D62D422F}"
	ProjectSection(ProjectDependencies) = postProject
		{875E1F34-6708-4C7C-A6EC-74FABA6B0BFB} = {875E1F34-6708-4C7C-A6EC-74FABA6B0BFB}
		{10EB526D-6D5D-4630-A801-EEE36D06FD74} = {10EB526D-6D5D-4630-A801-EEE36D06FD74}
		{D95812B7-4F73-4952-BEBA-9BDC2DC96FE0} = {D95812B7-4F73-4952-BEBA-9BDC2DC96FE0}
	EndProjectSection
EndProject
Project("{8BC9CEB8-8B4A-11D0-8D11-00A0C91BC942}") = "EmbeddedDLL", "..\EmbeddedDLL\EmbeddedDLL\EmbeddedDLL.vcxproj", "{D95812B7-4F73-4952-BEBA-9BDC2DC96FE0}"
EndProject
Project("{8BC9CEB8-8B4A-11D0-8D11-00A0C91BC942}") = "EmbeddedUnitTests", "..\..\UnitTests\EmbeddedUnitTests\EmbeddedUnitTests.vcxproj", "{9EED9BAD-FD71-4E74-BDDB-F8A1E5B9681E}"
	ProjectSection(ProjectDependencies) = postProject
		{D95812B7-4F73-4952-BEBA-9BDC2DC96FE0} = {D95812B7-4F73-4952-BEBA-9BDC2DC96FE0}
	EndProjectSection
EndProject
Project("{8BC9CEB8-8B4A-11D0-8D11-00A0C91BC942}") = "ChimeraStaticLibraryMSVC", "..\..\..\..\lib\Aurora\Chimera\vs\ChimeraStaticLibraryMSVC\ChimeraStaticLibraryMSVC\ChimeraStaticLibraryMSVC.vcxproj", "{875E1F34-6708-4C7C-A6EC-74FABA6B0BFB}"
EndProject
Project("{8BC9CEB8-8B4A-11D0-8D11-00A0C91BC942}") = "RF24NodeStaticLibraryMSVC", "..\..\..\..\RF24Node\vs\RF24NodeStaticLibraryMSVC\RF24NodeStaticLibraryMSVC\RF24NodeStaticLibraryMSVC.vcxproj", "{10EB526D-6D5D-4630-A801-EEE36D06FD74}"
EndProject
Project("{8BC9CEB8-8B4A-11D0-8D11-00A0C91BC942}") = "AuroraStaticLibrary", "..\..\..\..\lib\Aurora\vs\AuroraStaticLibrary\AuroraStaticLibrary\AuroraStaticLibrary.vcxproj", "{603E057A-0D7F-4369-8268-4312E56AFA59}"
EndProject
Global
	GlobalSection(SolutionConfigurationPlatforms) = preSolution
		Debug|Any CPU = Debug|Any CPU
		Debug|STM32F446RE = Debug|STM32F446RE
		Debug|x64 = Debug|x64
		Debug|x86 = Debug|x86
		Release|Any CPU = Release|Any CPU
		Release|STM32F446RE = Release|STM32F446RE
		Release|x64 = Release|x64
		Release|x86 = Release|x86
		RF24_1|Any CPU = RF24_1|Any CPU
		RF24_1|STM32F446RE = RF24_1|STM32F446RE
		RF24_1|x64 = RF24_1|x64
		RF24_1|x86 = RF24_1|x86
		RF24_2|Any CPU = RF24_2|Any CPU
		RF24_2|STM32F446RE = RF24_2|STM32F446RE
		RF24_2|x64 = RF24_2|x64
		RF24_2|x86 = RF24_2|x86
	EndGlobalSection
	GlobalSection(ProjectConfigurationPlatforms) = postSolution
		{2B80B796-4B43-47E1-A544-E196D62D422F}.Debug|Any CPU.ActiveCfg = Debug|Any CPU
		{2B80B796-4B43-47E1-A544-E196D62D422F}.Debug|Any CPU.Build.0 = Debug|Any CPU
		{2B80B796-4B43-47E1-A544-E196D62D422F}.Debug|STM32F446RE.ActiveCfg = Debug|Any CPU
		{2B80B796-4B43-47E1-A544-E196D62D422F}.Debug|STM32F446RE.Build.0 = Debug|Any CPU
		{2B80B796-4B43-47E1-A544-E196D62D422F}.Debug|x64.ActiveCfg = Debug|Any CPU
		{2B80B796-4B43-47E1-A544-E196D62D422F}.Debug|x64.Build.0 = Debug|Any CPU
		{2B80B796-4B43-47E1-A544-E196D62D422F}.Debug|x86.ActiveCfg = Debug|Any CPU
		{2B80B796-4B43-47E1-A544-E196D62D422F}.Debug|x86.Build.0 = Debug|Any CPU
		{2B80B796-4B43-47E1-A544-E196D62D422F}.Release|Any CPU.ActiveCfg = Release|Any CPU
		{2B80B796-4B43-47E1-A544-E196D62D422F}.Release|Any CPU.Build.0 = Release|Any CPU
		{2B80B796-4B43-47E1-A544-E196D62D422F}.Release|STM32F446RE.ActiveCfg = Release|Any CPU
		{2B80B796-4B43-47E1-A544-E196D62D422F}.Release|STM32F446RE.Build.0 = Release|Any CPU
		{2B80B796-4B43-47E1-A544-E196D62D422F}.Release|x64.ActiveCfg = Release|Any CPU
		{2B80B796-4B43-47E1-A544-E196D62D422F}.Release|x64.Build.0 = Release|Any CPU
		{2B80B796-4B43-47E1-A544-E196D62D422F}.Release|x86.ActiveCfg = Release|Any CPU
		{2B80B796-4B43-47E1-A544-E196D62D422F}.Release|x86.Build.0 = Release|Any CPU
		{2B80B796-4B43-47E1-A544-E196D62D422F}.RF24_1|Any CPU.ActiveCfg = Release|Any CPU
		{2B80B796-4B43-47E1-A544-E196D62D422F}.RF24_1|Any CPU.Build.0 = Release|Any CPU
		{2B80B796-4B43-47E1-A544-E196D62D422F}.RF24_1|STM32F446RE.ActiveCfg = Release|Any CPU
		{2B80B796-4B43-47E1-A544-E196D62D422F}.RF24_1|STM32F446RE.Build.0 = Release|Any CPU
		{2B80B796-4B43-47E1-A544-E196D62D422F}.RF24_1|x64.ActiveCfg = Release|Any CPU
		{2B80B796-4B43-47E1-A544-E196D62D422F}.RF24_1|x64.Build.0 = Release|Any CPU
		{2B80B796-4B43-47E1-A544-E196D62D422F}.RF24_1|x86.ActiveCfg = Release|Any CPU
		{2B80B796-4B43-47E1-A544-E196D62D422F}.RF24_1|x86.Build.0 = Release|Any CPU
		{2B80B796-4B43-47E1-A544-E196D62D422F}.RF24_2|Any CPU.ActiveCfg = Release|Any CPU
		{2B80B796-4B43-47E1-A544-E196D62D422F}.RF24_2|Any CPU.Build.0 = Release|Any CPU
		{2B80B796-4B43-47E1-A544-E196D62D422F}.RF24_2|STM32F446RE.ActiveCfg = Release|Any CPU
		{2B80B796-4B43-47E1-A544-E196D62D422F}.RF24_2|STM32F446RE.Build.0 = Release|Any CPU
		{2B80B796-4B43-47E1-A544-E196D62D422F}.RF24_2|x64.ActiveCfg = Release|Any CPU
		{2B80B796-4B43-47E1-A544-E196D62D422F}.RF24_2|x64.Build.0 = Release|Any CPU
		{2B80B796-4B43-47E1-A544-E196D62D422F}.RF24_2|x86.ActiveCfg = Release|Any CPU
		{2B80B796-4B43-47E1-A544-E196D62D422F}.RF24_2|x86.Build.0 = Release|Any CPU
		{D95812B7-4F73-4952-BEBA-9BDC2DC96FE0}.Debug|Any CPU.ActiveCfg = Debug|Win32
		{D95812B7-4F73-4952-BEBA-9BDC2DC96FE0}.Debug|STM32F446RE.ActiveCfg = Debug|Win32
		{D95812B7-4F73-4952-BEBA-9BDC2DC96FE0}.Debug|x64.ActiveCfg = Debug|x64
		{D95812B7-4F73-4952-BEBA-9BDC2DC96FE0}.Debug|x64.Build.0 = Debug|x64
		{D95812B7-4F73-4952-BEBA-9BDC2DC96FE0}.Debug|x86.ActiveCfg = Debug|Win32
		{D95812B7-4F73-4952-BEBA-9BDC2DC96FE0}.Debug|x86.Build.0 = Debug|Win32
		{D95812B7-4F73-4952-BEBA-9BDC2DC96FE0}.Release|Any CPU.ActiveCfg = Release|Win32
		{D95812B7-4F73-4952-BEBA-9BDC2DC96FE0}.Release|STM32F446RE.ActiveCfg = Release|Win32
		{D95812B7-4F73-4952-BEBA-9BDC2DC96FE0}.Release|x64.ActiveCfg = Release|x64
		{D95812B7-4F73-4952-BEBA-9BDC2DC96FE0}.Release|x64.Build.0 = Release|x64
		{D95812B7-4F73-4952-BEBA-9BDC2DC96FE0}.Release|x86.ActiveCfg = Release|Win32
		{D95812B7-4F73-4952-BEBA-9BDC2DC96FE0}.Release|x86.Build.0 = Release|Win32
		{D95812B7-4F73-4952-BEBA-9BDC2DC96FE0}.RF24_1|Any CPU.ActiveCfg = Release|x64
		{D95812B7-4F73-4952-BEBA-9BDC2DC96FE0}.RF24_1|Any CPU.Build.0 = Release|x64
		{D95812B7-4F73-4952-BEBA-9BDC2DC96FE0}.RF24_1|STM32F446RE.ActiveCfg = Release|x64
		{D95812B7-4F73-4952-BEBA-9BDC2DC96FE0}.RF24_1|STM32F446RE.Build.0 = Release|x64
		{D95812B7-4F73-4952-BEBA-9BDC2DC96FE0}.RF24_1|x64.ActiveCfg = Release|x64
		{D95812B7-4F73-4952-BEBA-9BDC2DC96FE0}.RF24_1|x64.Build.0 = Release|x64
		{D95812B7-4F73-4952-BEBA-9BDC2DC96FE0}.RF24_1|x86.ActiveCfg = Release|Win32
		{D95812B7-4F73-4952-BEBA-9BDC2DC96FE0}.RF24_1|x86.Build.0 = Release|Win32
		{D95812B7-4F73-4952-BEBA-9BDC2DC96FE0}.RF24_2|Any CPU.ActiveCfg = Release|x64
		{D95812B7-4F73-4952-BEBA-9BDC2DC96FE0}.RF24_2|Any CPU.Build.0 = Release|x64
		{D95812B7-4F73-4952-BEBA-9BDC2DC96FE0}.RF24_2|STM32F446RE.ActiveCfg = Release|x64
		{D95812B7-4F73-4952-BEBA-9BDC2DC96FE0}.RF24_2|STM32F446RE.Build.0 = Release|x64
		{D95812B7-4F73-4952-BEBA-9BDC2DC96FE0}.RF24_2|x64.ActiveCfg = Release|x64
		{D95812B7-4F73-4952-BEBA-9BDC2DC96FE0}.RF24_2|x64.Build.0 = Release|x64
		{D95812B7-4F73-4952-BEBA-9BDC2DC96FE0}.RF24_2|x86.ActiveCfg = Release|Win32
		{D95812B7-4F73-4952-BEBA-9BDC2DC96FE0}.RF24_2|x86.Build.0 = Release|Win32
		{9EED9BAD-FD71-4E74-BDDB-F8A1E5B9681E}.Debug|Any CPU.ActiveCfg = Debug|Win32
		{9EED9BAD-FD71-4E74-BDDB-F8A1E5B9681E}.Debug|STM32F446RE.ActiveCfg = Debug|Win32
		{9EED9BAD-FD71-4E74-BDDB-F8A1E5B9681E}.Debug|x64.ActiveCfg = Debug|x64
		{9EED9BAD-FD71-4E74-BDDB-F8A1E5B9681E}.Debug|x64.Build.0 = Debug|x64
		{9EED9BAD-FD71-4E74-BDDB-F8A1E5B9681E}.Debug|x86.ActiveCfg = Debug|Win32
		{9EED9BAD-FD71-4E74-BDDB-F8A1E5B9681E}.Debug|x86.Build.0 = Debug|Win32
		{9EED9BAD-FD71-4E74-BDDB-F8A1E5B9681E}.Release|Any CPU.ActiveCfg = Release|Win32
		{9EED9BAD-FD71-4E74-BDDB-F8A1E5B9681E}.Release|STM32F446RE.ActiveCfg = Release|Win32
		{9EED9BAD-FD71-4E74-BDDB-F8A1E5B9681E}.Release|x64.ActiveCfg = Release|x64
		{9EED9BAD-FD71-4E74-BDDB-F8A1E5B9681E}.Release|x64.Build.0 = Release|x64
		{9EED9BAD-FD71-4E74-BDDB-F8A1E5B9681E}.Release|x86.ActiveCfg = Release|Win32
		{9EED9BAD-FD71-4E74-BDDB-F8A1E5B9681E}.Release|x86.Build.0 = Release|Win32
		{9EED9BAD-FD71-4E74-BDDB-F8A1E5B9681E}.RF24_1|Any CPU.ActiveCfg = Release|x64
		{9EED9BAD-FD71-4E74-BDDB-F8A1E5B9681E}.RF24_1|Any CPU.Build.0 = Release|x64
		{9EED9BAD-FD71-4E74-BDDB-F8A1E5B9681E}.RF24_1|STM32F446RE.ActiveCfg = Release|x64
		{9EED9BAD-FD71-4E74-BDDB-F8A1E5B9681E}.RF24_1|STM32F446RE.Build.0 = Release|x64
		{9EED9BAD-FD71-4E74-BDDB-F8A1E5B9681E}.RF24_1|x64.ActiveCfg = Release|x64
		{9EED9BAD-FD71-4E74-BDDB-F8A1E5B9681E}.RF24_1|x64.Build.0 = Release|x64
		{9EED9BAD-FD71-4E74-BDDB-F8A1E5B9681E}.RF24_1|x86.ActiveCfg = Release|Win32
		{9EED9BAD-FD71-4E74-BDDB-F8A1E5B9681E}.RF24_1|x86.Build.0 = Release|Win32
		{9EED9BAD-FD71-4E74-BDDB-F8A1E5B9681E}.RF24_2|Any CPU.ActiveCfg = Release|x64
		{9EED9BAD-FD71-4E74-BDDB-F8A1E5B9681E}.RF24_2|Any CPU.Build.0 = Release|x64
		{9EED9BAD-FD71-4E74-BDDB-F8A1E5B9681E}.RF24_2|STM32F446RE.ActiveCfg = Release|x64
		{9EED9BAD-FD71-4E74-BDDB-F8A1E5B9681E}.RF24_2|STM32F446RE.Build.0 = Release|x64
		{9EED9BAD-FD71-4E74-BDDB-F8A1E5B9681E}.RF24_2|x64.ActiveCfg = Release|x64
		{9EED9BAD-FD71-4E74-BDDB-F8A1E5B9681E}.RF24_2|x64.Build.0 = Release|x64
		{9EED9BAD-FD71-4E74-BDDB-F8A1E5B9681E}.RF24_2|x86.ActiveCfg = Release|Win32
		{9EED9BAD-FD71-4E74-BDDB-F8A1E5B9681E}.RF24_2|x86.Build.0 = Release|Win32
		{875E1F34-6708-4C7C-A6EC-74FABA6B0BFB}.Debug|Any CPU.ActiveCfg = Debug|Win32
		{875E1F34-6708-4C7C-A6EC-74FABA6B0BFB}.Debug|STM32F446RE.ActiveCfg = Debug|Win32
		{875E1F34-6708-4C7C-A6EC-74FABA6B0BFB}.Debug|x64.ActiveCfg = Debug|x64
		{875E1F34-6708-4C7C-A6EC-74FABA6B0BFB}.Debug|x64.Build.0 = Debug|x64
		{875E1F34-6708-4C7C-A6EC-74FABA6B0BFB}.Debug|x86.ActiveCfg = Debug|Win32
		{875E1F34-6708-4C7C-A6EC-74FABA6B0BFB}.Debug|x86.Build.0 = Debug|Win32
		{875E1F34-6708-4C7C-A6EC-74FABA6B0BFB}.Release|Any CPU.ActiveCfg = Release|Win32
		{875E1F34-6708-4C7C-A6EC-74FABA6B0BFB}.Release|STM32F446RE.ActiveCfg = Release|Win32
		{875E1F34-6708-4C7C-A6EC-74FABA6B0BFB}.Release|x64.ActiveCfg = Release|x64
		{875E1F34-6708-4C7C-A6EC-74FABA6B0BFB}.Release|x64.Build.0 = Release|x64
		{875E1F34-6708-4C7C-A6EC-74FABA6B0BFB}.Release|x86.ActiveCfg = Release|Win32
		{875E1F34-6708-4C7C-A6EC-74FABA6B0BFB}.Release|x86.Build.0 = Release|Win32
		{875E1F34-6708-4C7C-A6EC-74FABA6B0BFB}.RF24_1|Any CPU.ActiveCfg = Release|x64
		{875E1F34-6708-4C7C-A6EC-74FABA6B0BFB}.RF24_1|Any CPU.Build.0 = Release|x64
		{875E1F34-6708-4C7C-A6EC-74FABA6B0BFB}.RF24_1|STM32F446RE.ActiveCfg = Release|x64
		{875E1F34-6708-4C7C-A6EC-74FABA6B0BFB}.RF24_1|STM32F446RE.Build.0 = Release|x64
		{875E1F34-6708-4C7C-A6EC-74FABA6B0BFB}.RF24_1|x64.ActiveCfg = Release|x64
		{875E1F34-6708-4C7C-A6EC-74FABA6B0BFB}.RF24_1|x64.Build.0 = Release|x64
		{875E1F34-6708-4C7C-A6EC-74FABA6B0BFB}.RF24_1|x86.ActiveCfg = Release|Win32
		{875E1F34-6708-4C7C-A6EC-74FABA6B0BFB}.RF24_1|x86.Build.0 = Release|Win32
		{875E1F34-6708-4C7C-A6EC-74FABA6B0BFB}.RF24_2|Any CPU.ActiveCfg = Release|x64
		{875E1F34-6708-4C7C-A6EC-74FABA6B0BFB}.RF24_2|Any CPU.Build.0 = Release|x64
		{875E1F34-6708-4C7C-A6EC-74FABA6B0BFB}.RF24_2|STM32F446RE.ActiveCfg = Release|x64
		{875E1F34-6708-4C7C-A6EC-74FABA6B0BFB}.RF24_2|STM32F446RE.Build.0 = Release|x64
		{875E1F34-6708-4C7C-A6EC-74FABA6B0BFB}.RF24_2|x64.ActiveCfg = Release|x64
		{875E1F34-6708-4C7C-A6EC-74FABA6B0BFB}.RF24_2|x64.Build.0 = Release|x64
		{875E1F34-6708-4C7C-A6EC-74FABA6B0BFB}.RF24_2|x86.ActiveCfg = Release|Win32
		{875E1F34-6708-4C7C-A6EC-74FABA6B0BFB}.RF24_2|x86.Build.0 = Release|Win32
		{10EB526D-6D5D-4630-A801-EEE36D06FD74}.Debug|Any CPU.ActiveCfg = Debug|Win32
		{10EB526D-6D5D-4630-A801-EEE36D06FD74}.Debug|STM32F446RE.ActiveCfg = Debug|Win32
		{10EB526D-6D5D-4630-A801-EEE36D06FD74}.Debug|x64.ActiveCfg = Debug|x64
		{10EB526D-6D5D-4630-A801-EEE36D06FD74}.Debug|x64.Build.0 = Debug|x64
		{10EB526D-6D5D-4630-A801-EEE36D06FD74}.Debug|x86.ActiveCfg = Debug|Win32
		{10EB526D-6D5D-4630-A801-EEE36D06FD74}.Debug|x86.Build.0 = Debug|Win32
		{10EB526D-6D5D-4630-A801-EEE36D06FD74}.Release|Any CPU.ActiveCfg = Release|Win32
		{10EB526D-6D5D-4630-A801-EEE36D06FD74}.Release|STM32F446RE.ActiveCfg = Release|Win32
		{10EB526D-6D5D-4630-A801-EEE36D06FD74}.Release|x64.ActiveCfg = Release|x64
		{10EB526D-6D5D-4630-A801-EEE36D06FD74}.Release|x64.Build.0 = Release|x64
		{10EB526D-6D5D-4630-A801-EEE36D06FD74}.Release|x86.ActiveCfg = Release|Win32
		{10EB526D-6D5D-4630-A801-EEE36D06FD74}.Release|x86.Build.0 = Release|Win32
		{10EB526D-6D5D-4630-A801-EEE36D06FD74}.RF24_1|Any CPU.ActiveCfg = Release|x64
		{10EB526D-6D5D-4630-A801-EEE36D06FD74}.RF24_1|Any CPU.Build.0 = Release|x64
		{10EB526D-6D5D-4630-A801-EEE36D06FD74}.RF24_1|STM32F446RE.ActiveCfg = Release|x64
		{10EB526D-6D5D-4630-A801-EEE36D06FD74}.RF24_1|STM32F446RE.Build.0 = Release|x64
		{10EB526D-6D5D-4630-A801-EEE36D06FD74}.RF24_1|x64.ActiveCfg = Release|x64
		{10EB526D-6D5D-4630-A801-EEE36D06FD74}.RF24_1|x64.Build.0 = Release|x64
		{10EB526D-6D5D-4630-A801-EEE36D06FD74}.RF24_1|x86.ActiveCfg = Release|Win32
		{10EB526D-6D5D-4630-A801-EEE36D06FD74}.RF24_1|x86.Build.0 = Release|Win32
		{10EB526D-6D5D-4630-A801-EEE36D06FD74}.RF24_2|Any CPU.ActiveCfg = Release|x64
		{10EB526D-6D5D-4630-A801-EEE36D06FD74}.RF24_2|Any CPU.Build.0 = Release|x64
		{10EB526D-6D5D-4630-A801-EEE36D06FD74}.RF24_2|STM32F446RE.ActiveCfg = Release|x64
		{10EB526D-6D5D-4630-A801-EEE36D06FD74}.RF24_2|STM32F446RE.Build.0 = Release|x64
		{10EB526D-6D5D-4630-A801-EEE36D06FD74}.RF24_2|x64.ActiveCfg = Release|x64
		{10EB526D-6D5D-4630-A801-EEE36D06FD74}.RF24_2|x64.Build.0 = Release|x64
		{10EB526D-6D5D-4630-A801-EEE36D06FD74}.RF24_2|x86.ActiveCfg = Release|Win32
		{10EB526D-6D5D-4630-A801-EEE36D06FD74}.RF24_2|x86.Build.0 = Release|Win32
		{603E057A-0D7F-4369-8268-4312E56AFA59}.Debug|Any CPU.ActiveCfg = Debug|Win32
		{603E057A-0D7F-4369-8268-4312E56AFA59}.Debug|STM32F446RE.ActiveCfg = Debug|Win32
		{603E057A-0D7F-4369-8268-4312E56AFA59}.Debug|x64.ActiveCfg = Debug|x64
		{603E057A-0D7F-4369-8268-4312E56AFA59}.Debug|x64.Build.0 = Debug|x64
		{603E057A-0D7F-4369-8268-4312E56AFA59}.Debug|x86.ActiveCfg = Debug|Win32
		{603E057A-0D7F-4369-8268-4312E56AFA59}.Debug|x86.Build.0 = Debug|Win32
		{603E057A-0D7F-4369-8268-4312E56AFA59}.Release|Any CPU.ActiveCfg = Release|Win32
		{603E057A-0D7F-4369-8268-4312E56AFA59}.Release|STM32F446RE.ActiveCfg = Release|Win32
		{603E057A-0D7F-4369-8268-4312E56AFA59}.Release|x64.ActiveCfg = Release|x64
		{603E057A-0D7F-4369-8268-4312E56AFA59}.Release|x64.Build.0 = Release|x64
		{603E057A-0D7F-4369-8268-4312E56AFA59}.Release|x86.ActiveCfg = Release|Win32
		{603E057A-0D7F-4369-8268-4312E56AFA59}.Release|x86.Build.0 = Release|Win32
		{603E057A-0D7F-4369-8268-4312E56AFA59}.RF24_1|Any CPU.ActiveCfg = Release|x64
		{603E057A-0D7F-4369-8268-4312E56AFA59}.RF24_1|Any CPU.Build.0 = Release|x64
		{603E057A-0D7F-4369-8268-4312E56AFA59}.RF24_1|STM32F446RE.ActiveCfg = Release|x64
		{603E057A-0D7F-4369-8268-4312E56AFA59}.RF24_1|STM32F446RE.Build.0 = Release|x64
		{603E057A-0D7F-4369-8268-4312E56AFA59}.RF24_1|x64.ActiveCfg = Release|x64
		{603E057A-0D7F-4369-8268-4312E56AFA59}.RF24_1|x64.Build.0 = Release|x64
		{603E057A-0D7F-4369-8268-4312E56AFA59}.RF24_1|x86.ActiveCfg = Release|Win32
		{603E057A-0D7F-4369-8268-4312E56AFA59}.RF24_1|x86.Build.0 = Release|Win32
		{603E057A-0D7F-4369-8268-4312E56AFA59}.RF24_2|Any CPU.ActiveCfg = Release|x64
		{603E057A-0D7F-4369-8268-4312E56AFA59}.RF24_2|Any CPU.Build.0 = Release|x64
		{603E057A-0D7F-4369-8268-4312E56AFA59}.RF24_2|STM32F446RE.ActiveCfg = Release|x64
		{603E057A-0D7F-4369-8268-4312E56AFA59}.RF24_2|STM32F446RE.Build.0 = Release|x64
		{603E057A-0D7F-4369-8268-4312E56AFA59}.RF24_2|x64.ActiveCfg = Release|x64
		{603E057A-0D7F-4369-8268-4312E56AFA59}.RF24_2|x64.Build.0 = Release|x64
		{603E057A-0D7F-4369-8268-4312E56AFA59}.RF24_2|x86.ActiveCfg = Release|Win32
		{603E057A-0D7F-4369-8268-4312E56AFA59}.RF24_2|x86.Build.0 = Release|Win32
	EndGlobalSection
	GlobalSection(SolutionProperties) = preSolution
		HideSolutionNode = FALSE
	EndGlobalSection
	GlobalSection(ExtensibilityGlobals) = postSolution
		SolutionGuid = {4059764F-623B-479E-8BEE-83ACB1FD2C81}
	EndGlobalSection
EndGlobal
