
Microsoft Visual Studio Solution File, Format Version 12.00
# Visual Studio Version 16
VisualStudioVersion = 16.0.29519.161
MinimumVisualStudioVersion = 10.0.40219.1
Project("{FAE04EC0-301F-11D3-BF4B-00C04F79EFBC}") = "NetworkExplorer", "NetworkExplorer\NetworkExplorer.csproj", "{2B80B796-4B43-47E1-A544-E196D62D422F}"
	ProjectSection(ProjectDependencies) = postProject
		{D95812B7-4F73-4952-BEBA-9BDC2DC96FE0} = {D95812B7-4F73-4952-BEBA-9BDC2DC96FE0}
	EndProjectSection
EndProject
Project("{8BC9CEB8-8B4A-11D0-8D11-00A0C91BC942}") = "ChimeraStaticLibrary", "..\..\..\..\lib\Chimera\vs\ChimeraStaticLibrary\ChimeraStaticLibrary\ChimeraStaticLibrary.vcxproj", "{67D62E15-ADD2-46FB-98AA-F39CE34D9E1A}"
	ProjectSection(ProjectDependencies) = postProject
		{84551AF0-447D-4ED5-8DDA-3933C47A95F8} = {84551AF0-447D-4ED5-8DDA-3933C47A95F8}
	EndProjectSection
EndProject
Project("{8BC9CEB8-8B4A-11D0-8D11-00A0C91BC942}") = "FreeRTOSStaticLibrary", "..\..\..\..\lib\FreeRTOS\vs\FreeRTOSStaticLibrary\FreeRTOSStaticLibrary\FreeRTOSStaticLibrary.vcxproj", "{84551AF0-447D-4ED5-8DDA-3933C47A95F8}"
EndProject
Project("{8BC9CEB8-8B4A-11D0-8D11-00A0C91BC942}") = "EmbeddedDLL", "..\EmbeddedDLL\EmbeddedDLL\EmbeddedDLL.vcxproj", "{D95812B7-4F73-4952-BEBA-9BDC2DC96FE0}"
	ProjectSection(ProjectDependencies) = postProject
		{67D62E15-ADD2-46FB-98AA-F39CE34D9E1A} = {67D62E15-ADD2-46FB-98AA-F39CE34D9E1A}
		{84551AF0-447D-4ED5-8DDA-3933C47A95F8} = {84551AF0-447D-4ED5-8DDA-3933C47A95F8}
	EndProjectSection
EndProject
Project("{8BC9CEB8-8B4A-11D0-8D11-00A0C91BC942}") = "EmbeddedUnitTests", "..\..\UnitTests\EmbeddedUnitTests\EmbeddedUnitTests.vcxproj", "{9EED9BAD-FD71-4E74-BDDB-F8A1E5B9681E}"
	ProjectSection(ProjectDependencies) = postProject
		{67D62E15-ADD2-46FB-98AA-F39CE34D9E1A} = {67D62E15-ADD2-46FB-98AA-F39CE34D9E1A}
		{D95812B7-4F73-4952-BEBA-9BDC2DC96FE0} = {D95812B7-4F73-4952-BEBA-9BDC2DC96FE0}
		{84551AF0-447D-4ED5-8DDA-3933C47A95F8} = {84551AF0-447D-4ED5-8DDA-3933C47A95F8}
	EndProjectSection
EndProject
Global
	GlobalSection(SolutionConfigurationPlatforms) = preSolution
		Debug|Any CPU = Debug|Any CPU
		Debug|x64 = Debug|x64
		Debug|x86 = Debug|x86
		Release|Any CPU = Release|Any CPU
		Release|x64 = Release|x64
		Release|x86 = Release|x86
	EndGlobalSection
	GlobalSection(ProjectConfigurationPlatforms) = postSolution
		{2B80B796-4B43-47E1-A544-E196D62D422F}.Debug|Any CPU.ActiveCfg = Debug|Any CPU
		{2B80B796-4B43-47E1-A544-E196D62D422F}.Debug|Any CPU.Build.0 = Debug|Any CPU
		{2B80B796-4B43-47E1-A544-E196D62D422F}.Debug|x64.ActiveCfg = Debug|Any CPU
		{2B80B796-4B43-47E1-A544-E196D62D422F}.Debug|x64.Build.0 = Debug|Any CPU
		{2B80B796-4B43-47E1-A544-E196D62D422F}.Debug|x86.ActiveCfg = Debug|Any CPU
		{2B80B796-4B43-47E1-A544-E196D62D422F}.Debug|x86.Build.0 = Debug|Any CPU
		{2B80B796-4B43-47E1-A544-E196D62D422F}.Release|Any CPU.ActiveCfg = Release|Any CPU
		{2B80B796-4B43-47E1-A544-E196D62D422F}.Release|Any CPU.Build.0 = Release|Any CPU
		{2B80B796-4B43-47E1-A544-E196D62D422F}.Release|x64.ActiveCfg = Release|Any CPU
		{2B80B796-4B43-47E1-A544-E196D62D422F}.Release|x64.Build.0 = Release|Any CPU
		{2B80B796-4B43-47E1-A544-E196D62D422F}.Release|x86.ActiveCfg = Release|Any CPU
		{2B80B796-4B43-47E1-A544-E196D62D422F}.Release|x86.Build.0 = Release|Any CPU
		{67D62E15-ADD2-46FB-98AA-F39CE34D9E1A}.Debug|Any CPU.ActiveCfg = Debug|Win32
		{67D62E15-ADD2-46FB-98AA-F39CE34D9E1A}.Debug|x64.ActiveCfg = Debug|x64
		{67D62E15-ADD2-46FB-98AA-F39CE34D9E1A}.Debug|x64.Build.0 = Debug|x64
		{67D62E15-ADD2-46FB-98AA-F39CE34D9E1A}.Debug|x86.ActiveCfg = Debug|Win32
		{67D62E15-ADD2-46FB-98AA-F39CE34D9E1A}.Debug|x86.Build.0 = Debug|Win32
		{67D62E15-ADD2-46FB-98AA-F39CE34D9E1A}.Release|Any CPU.ActiveCfg = Release|Win32
		{67D62E15-ADD2-46FB-98AA-F39CE34D9E1A}.Release|x64.ActiveCfg = Release|x64
		{67D62E15-ADD2-46FB-98AA-F39CE34D9E1A}.Release|x64.Build.0 = Release|x64
		{67D62E15-ADD2-46FB-98AA-F39CE34D9E1A}.Release|x86.ActiveCfg = Release|Win32
		{67D62E15-ADD2-46FB-98AA-F39CE34D9E1A}.Release|x86.Build.0 = Release|Win32
		{84551AF0-447D-4ED5-8DDA-3933C47A95F8}.Debug|Any CPU.ActiveCfg = Debug|Win32
		{84551AF0-447D-4ED5-8DDA-3933C47A95F8}.Debug|x64.ActiveCfg = Debug|x64
		{84551AF0-447D-4ED5-8DDA-3933C47A95F8}.Debug|x64.Build.0 = Debug|x64
		{84551AF0-447D-4ED5-8DDA-3933C47A95F8}.Debug|x86.ActiveCfg = Debug|Win32
		{84551AF0-447D-4ED5-8DDA-3933C47A95F8}.Debug|x86.Build.0 = Debug|Win32
		{84551AF0-447D-4ED5-8DDA-3933C47A95F8}.Release|Any CPU.ActiveCfg = Release|Win32
		{84551AF0-447D-4ED5-8DDA-3933C47A95F8}.Release|x64.ActiveCfg = Release|x64
		{84551AF0-447D-4ED5-8DDA-3933C47A95F8}.Release|x64.Build.0 = Release|x64
		{84551AF0-447D-4ED5-8DDA-3933C47A95F8}.Release|x86.ActiveCfg = Release|Win32
		{84551AF0-447D-4ED5-8DDA-3933C47A95F8}.Release|x86.Build.0 = Release|Win32
		{D95812B7-4F73-4952-BEBA-9BDC2DC96FE0}.Debug|Any CPU.ActiveCfg = Debug|Win32
		{D95812B7-4F73-4952-BEBA-9BDC2DC96FE0}.Debug|x64.ActiveCfg = Debug|x64
		{D95812B7-4F73-4952-BEBA-9BDC2DC96FE0}.Debug|x64.Build.0 = Debug|x64
		{D95812B7-4F73-4952-BEBA-9BDC2DC96FE0}.Debug|x86.ActiveCfg = Debug|Win32
		{D95812B7-4F73-4952-BEBA-9BDC2DC96FE0}.Debug|x86.Build.0 = Debug|Win32
		{D95812B7-4F73-4952-BEBA-9BDC2DC96FE0}.Release|Any CPU.ActiveCfg = Release|Win32
		{D95812B7-4F73-4952-BEBA-9BDC2DC96FE0}.Release|x64.ActiveCfg = Release|x64
		{D95812B7-4F73-4952-BEBA-9BDC2DC96FE0}.Release|x64.Build.0 = Release|x64
		{D95812B7-4F73-4952-BEBA-9BDC2DC96FE0}.Release|x86.ActiveCfg = Release|Win32
		{D95812B7-4F73-4952-BEBA-9BDC2DC96FE0}.Release|x86.Build.0 = Release|Win32
		{9EED9BAD-FD71-4E74-BDDB-F8A1E5B9681E}.Debug|Any CPU.ActiveCfg = Debug|Win32
		{9EED9BAD-FD71-4E74-BDDB-F8A1E5B9681E}.Debug|x64.ActiveCfg = Debug|x64
		{9EED9BAD-FD71-4E74-BDDB-F8A1E5B9681E}.Debug|x64.Build.0 = Debug|x64
		{9EED9BAD-FD71-4E74-BDDB-F8A1E5B9681E}.Debug|x86.ActiveCfg = Debug|Win32
		{9EED9BAD-FD71-4E74-BDDB-F8A1E5B9681E}.Debug|x86.Build.0 = Debug|Win32
		{9EED9BAD-FD71-4E74-BDDB-F8A1E5B9681E}.Release|Any CPU.ActiveCfg = Release|Win32
		{9EED9BAD-FD71-4E74-BDDB-F8A1E5B9681E}.Release|x64.ActiveCfg = Release|x64
		{9EED9BAD-FD71-4E74-BDDB-F8A1E5B9681E}.Release|x64.Build.0 = Release|x64
		{9EED9BAD-FD71-4E74-BDDB-F8A1E5B9681E}.Release|x86.ActiveCfg = Release|Win32
		{9EED9BAD-FD71-4E74-BDDB-F8A1E5B9681E}.Release|x86.Build.0 = Release|Win32
	EndGlobalSection
	GlobalSection(SolutionProperties) = preSolution
		HideSolutionNode = FALSE
	EndGlobalSection
	GlobalSection(ExtensibilityGlobals) = postSolution
		SolutionGuid = {4059764F-623B-479E-8BEE-83ACB1FD2C81}
	EndGlobalSection
EndGlobal
