<?xml version="1.0" encoding="utf-8"?>
<Project ToolsVersion="4.0" xmlns="http://schemas.microsoft.com/developer/msbuild/2003">
  <ItemGroup>
    <Filter Include="uLog">
      <UniqueIdentifier>{606732ba-f965-43c8-97f8-39d16d25098c}</UniqueIdentifier>
    </Filter>
    <Filter Include="uLog\sinks">
      <UniqueIdentifier>{a00053c4-d3d8-4f39-aba0-ac3d40f2657c}</UniqueIdentifier>
    </Filter>
    <Filter Include="RF24Node">
      <UniqueIdentifier>{79b74ad3-35de-4258-8ed3-b9129d2d9c29}</UniqueIdentifier>
    </Filter>
    <Filter Include="RF24Node\hardware">
      <UniqueIdentifier>{27da70f5-a606-4a29-94a4-6f4fefd5d116}</UniqueIdentifier>
    </Filter>
    <Filter Include="RF24Node\mesh">
      <UniqueIdentifier>{f75c2ead-ba8e-4f80-983e-cc7a52d12084}</UniqueIdentifier>
    </Filter>
    <Filter Include="RF24Node\network">
      <UniqueIdentifier>{145c30b0-772a-42f3-9cf0-0332378b726e}</UniqueIdentifier>
    </Filter>
    <Filter Include="RF24Node\physical">
      <UniqueIdentifier>{36950329-85d7-497c-b919-498dc202d06d}</UniqueIdentifier>
    </Filter>
    <Filter Include="RF24Node\simulator">
      <UniqueIdentifier>{8c83c440-40d4-49b9-b324-75c34e418187}</UniqueIdentifier>
    </Filter>
    <Filter Include="RF24Node\network\frame">
      <UniqueIdentifier>{de3c2d4d-f2dc-4a4d-9f55-2908d62f0d2d}</UniqueIdentifier>
    </Filter>
    <Filter Include="RF24Node\network\header">
      <UniqueIdentifier>{63708238-4d03-4d0e-bffb-0c2d2b261d50}</UniqueIdentifier>
    </Filter>
    <Filter Include="RF24Node\network\path">
      <UniqueIdentifier>{dfa5b146-776e-4bdb-973c-e5a1640d7345}</UniqueIdentifier>
    </Filter>
    <Filter Include="RF24Node\network\node">
      <UniqueIdentifier>{7462989b-6744-4d27-ac78-5c19afb21fb6}</UniqueIdentifier>
    </Filter>
    <Filter Include="RF24Node\interfaces">
      <UniqueIdentifier>{0f996ff8-026d-4293-a43f-800306c7ce97}</UniqueIdentifier>
    </Filter>
    <Filter Include="RF24Node\network\memory">
      <UniqueIdentifier>{f94b97c1-63bf-4e08-b355-34b150b2b50a}</UniqueIdentifier>
    </Filter>
    <Filter Include="RF24Node\network\queue">
      <UniqueIdentifier>{ed47b606-777c-4afe-bd8b-c09b5fcf1ae5}</UniqueIdentifier>
    </Filter>
    <Filter Include="RF24Node\common">
      <UniqueIdentifier>{0b8ef4c5-b76a-4ece-886c-b791bbd4a3ce}</UniqueIdentifier>
    </Filter>
    <Filter Include="RF24Node\endpoint">
      <UniqueIdentifier>{894ab449-d270-4763-a7a9-b19631d92781}</UniqueIdentifier>
    </Filter>
    <Filter Include="RF24Node\physical\simulator">
      <UniqueIdentifier>{394d7f34-f5b7-424c-9a2a-f6cc0cdfb98a}</UniqueIdentifier>
    </Filter>
    <Filter Include="fmt">
      <UniqueIdentifier>{b2a5fb5f-dd6a-4c2f-b51d-ac5a9fd9c42c}</UniqueIdentifier>
    </Filter>
  </ItemGroup>
  <ItemGroup>
    <ClInclude Include="..\..\..\..\..\RF24Node\simulator\sim_definitions.hpp">
      <Filter>RF24Node\simulator</Filter>
    </ClInclude>
    <ClInclude Include="..\..\..\..\..\RF24Node\hardware\definitions.hpp">
      <Filter>RF24Node\hardware</Filter>
    </ClInclude>
    <ClInclude Include="..\..\..\..\..\RF24Node\hardware\driver.hpp">
      <Filter>RF24Node\hardware</Filter>
    </ClInclude>
    <ClInclude Include="..\..\..\..\..\RF24Node\hardware\register.hpp">
      <Filter>RF24Node\hardware</Filter>
    </ClInclude>
    <ClInclude Include="..\..\..\..\..\RF24Node\hardware\types.hpp">
      <Filter>RF24Node\hardware</Filter>
    </ClInclude>
    <ClInclude Include="..\..\..\..\..\RF24Node\mesh\definitions.hpp">
      <Filter>RF24Node\mesh</Filter>
    </ClInclude>
    <ClInclude Include="..\..\..\..\..\RF24Node\mesh\mesh.hpp">
      <Filter>RF24Node\mesh</Filter>
    </ClInclude>
    <ClInclude Include="..\..\..\..\..\RF24Node\network\definitions.hpp">
      <Filter>RF24Node\network</Filter>
    </ClInclude>
    <ClInclude Include="..\..\..\..\..\RF24Node\network\network.hpp">
      <Filter>RF24Node\network</Filter>
    </ClInclude>
    <ClInclude Include="..\..\..\..\..\RF24Node\physical\physical.hpp">
      <Filter>RF24Node\physical</Filter>
    </ClInclude>
    <ClInclude Include="..\..\..\..\..\RF24Node\network\path\path.hpp">
      <Filter>RF24Node\network\path</Filter>
    </ClInclude>
    <ClInclude Include="..\..\..\..\..\RF24Node\network\node\node.hpp">
      <Filter>RF24Node\network\node</Filter>
    </ClInclude>
    <ClInclude Include="..\..\..\..\..\RF24Node\network\header\header.hpp">
      <Filter>RF24Node\network\header</Filter>
    </ClInclude>
    <ClInclude Include="..\..\..\..\..\RF24Node\network\header\header_definitions.hpp">
      <Filter>RF24Node\network\header</Filter>
    </ClInclude>
    <ClInclude Include="..\..\..\..\..\RF24Node\network\frame\frame_types.hpp">
      <Filter>RF24Node\network\frame</Filter>
    </ClInclude>
    <ClInclude Include="..\..\..\..\..\RF24Node\network\frame\frame_definitions.hpp">
      <Filter>RF24Node\network\frame</Filter>
    </ClInclude>
    <ClInclude Include="..\..\..\..\..\RF24Node\network\frame\frame.hpp">
      <Filter>RF24Node\network\frame</Filter>
    </ClInclude>
    <ClInclude Include="..\..\..\..\..\RF24Node\network\header\header_types.hpp">
      <Filter>RF24Node\network\header</Filter>
    </ClInclude>
    <ClInclude Include="..\..\..\..\..\RF24Node\network\header\sim_header.hpp">
      <Filter>RF24Node\network\header</Filter>
    </ClInclude>
    <ClInclude Include="..\..\..\..\..\RF24Node\network\memory\heap.hpp">
      <Filter>RF24Node\network\memory</Filter>
    </ClInclude>
    <ClInclude Include="..\..\..\..\..\RF24Node\network\queue\queue.hpp">
      <Filter>RF24Node\network\queue</Filter>
    </ClInclude>
    <ClInclude Include="..\..\..\..\..\RF24Node\interfaces\endpoint_intf.hpp">
      <Filter>RF24Node\interfaces</Filter>
    </ClInclude>
    <ClInclude Include="..\..\..\..\..\RF24Node\common\definitions.hpp">
      <Filter>RF24Node\common</Filter>
    </ClInclude>
    <ClInclude Include="..\..\..\..\..\RF24Node\common\types.hpp">
      <Filter>RF24Node\common</Filter>
    </ClInclude>
    <ClInclude Include="..\..\..\..\..\RF24Node\endpoint\endpoint.hpp">
      <Filter>RF24Node\endpoint</Filter>
    </ClInclude>
    <ClInclude Include="..\..\..\..\..\RF24Node\interfaces\network_intf.hpp">
      <Filter>RF24Node\interfaces</Filter>
    </ClInclude>
    <ClInclude Include="..\..\..\..\..\RF24Node\physical\simulator\sim_physical.hpp">
      <Filter>RF24Node\physical\simulator</Filter>
    </ClInclude>
    <ClInclude Include="..\..\..\..\..\RF24Node\interfaces\physical_intf.hpp">
      <Filter>RF24Node\interfaces</Filter>
    </ClInclude>
    <ClInclude Include="..\..\..\..\..\RF24Node\endpoint\types.hpp">
      <Filter>RF24Node\endpoint</Filter>
    </ClInclude>
    <ClInclude Include="..\..\..\..\..\RF24Node\network\types.hpp">
      <Filter>RF24Node\network</Filter>
    </ClInclude>
    <ClInclude Include="..\..\..\..\..\RF24Node\physical\types.hpp">
      <Filter>RF24Node\physical</Filter>
    </ClInclude>
    <ClInclude Include="..\..\..\..\..\RF24Node\physical\simulator\pipe.hpp">
      <Filter>RF24Node\physical\simulator</Filter>
    </ClInclude>
    <ClInclude Include="..\..\..\..\..\RF24Node\physical\simulator\shockburst.hpp">
      <Filter>RF24Node\physical\simulator</Filter>
    </ClInclude>
    <ClInclude Include="..\..\..\..\..\lib\fmt\include\fmt\chrono.h">
      <Filter>fmt</Filter>
    </ClInclude>
    <ClInclude Include="..\..\..\..\..\lib\fmt\include\fmt\color.h">
      <Filter>fmt</Filter>
    </ClInclude>
    <ClInclude Include="..\..\..\..\..\lib\fmt\include\fmt\compile.h">
      <Filter>fmt</Filter>
    </ClInclude>
    <ClInclude Include="..\..\..\..\..\lib\fmt\include\fmt\core.h">
      <Filter>fmt</Filter>
    </ClInclude>
    <ClInclude Include="..\..\..\..\..\lib\fmt\include\fmt\format.h">
      <Filter>fmt</Filter>
    </ClInclude>
    <ClInclude Include="..\..\..\..\..\lib\fmt\include\fmt\format-inl.h">
      <Filter>fmt</Filter>
    </ClInclude>
    <ClInclude Include="..\..\..\..\..\lib\fmt\include\fmt\locale.h">
      <Filter>fmt</Filter>
    </ClInclude>
    <ClInclude Include="..\..\..\..\..\lib\fmt\include\fmt\ostream.h">
      <Filter>fmt</Filter>
    </ClInclude>
    <ClInclude Include="..\..\..\..\..\lib\fmt\include\fmt\posix.h">
      <Filter>fmt</Filter>
    </ClInclude>
    <ClInclude Include="..\..\..\..\..\lib\fmt\include\fmt\printf.h">
      <Filter>fmt</Filter>
    </ClInclude>
    <ClInclude Include="..\..\..\..\..\lib\fmt\include\fmt\ranges.h">
      <Filter>fmt</Filter>
    </ClInclude>
  </ItemGroup>
  <ItemGroup>
    <ClCompile Include="..\..\..\..\..\RF24Node\hardware\driver.cpp">
      <Filter>RF24Node\hardware</Filter>
    </ClCompile>
    <ClCompile Include="..\..\..\..\..\RF24Node\mesh\mesh.cpp">
      <Filter>RF24Node\mesh</Filter>
    </ClCompile>
    <ClCompile Include="..\..\..\..\..\RF24Node\network\network.cpp">
      <Filter>RF24Node\network</Filter>
    </ClCompile>
    <ClCompile Include="..\..\..\..\..\RF24Node\physical\physical.cpp">
      <Filter>RF24Node\physical</Filter>
    </ClCompile>
    <ClCompile Include="..\..\..\..\..\RF24Node\network\path\path.cpp">
      <Filter>RF24Node\network\path</Filter>
    </ClCompile>
    <ClCompile Include="..\..\..\..\..\RF24Node\network\node\node.cpp">
      <Filter>RF24Node\network\node</Filter>
    </ClCompile>
    <ClCompile Include="..\..\..\..\..\RF24Node\network\header\header.cpp">
      <Filter>RF24Node\network\header</Filter>
    </ClCompile>
    <ClCompile Include="..\..\..\..\..\RF24Node\network\frame\frame.cpp">
      <Filter>RF24Node\network\frame</Filter>
    </ClCompile>
    <ClCompile Include="..\..\..\..\..\RF24Node\network\header\sim_header.cpp">
      <Filter>RF24Node\network\header</Filter>
    </ClCompile>
    <ClCompile Include="..\..\..\..\..\RF24Node\network\memory\heap.cpp">
      <Filter>RF24Node\network\memory</Filter>
    </ClCompile>
    <ClCompile Include="..\..\..\..\..\RF24Node\network\queue\queue.cpp">
      <Filter>RF24Node\network\queue</Filter>
    </ClCompile>
    <ClCompile Include="..\..\..\..\..\RF24Node\endpoint\endpoint.cpp">
      <Filter>RF24Node\endpoint</Filter>
    </ClCompile>
    <ClCompile Include="..\..\..\..\..\RF24Node\interfaces\endpoint_intf.cpp">
      <Filter>RF24Node\interfaces</Filter>
    </ClCompile>
    <ClCompile Include="..\..\..\..\..\RF24Node\physical\simulator\sim_physical.cpp">
      <Filter>RF24Node\physical\simulator</Filter>
    </ClCompile>
    <ClCompile Include="..\..\..\..\..\RF24Node\physical\simulator\pipe.cpp">
      <Filter>RF24Node\physical\simulator</Filter>
    </ClCompile>
    <ClCompile Include="..\..\..\..\..\RF24Node\physical\simulator\shockburst.cpp">
      <Filter>RF24Node\physical\simulator</Filter>
    </ClCompile>
    <ClCompile Include="..\..\..\..\..\lib\fmt\src\format.cc">
      <Filter>fmt</Filter>
    </ClCompile>
  </ItemGroup>
  <ItemGroup>
    <None Include="..\..\..\..\..\RF24Node\hardware\about.md">
      <Filter>RF24Node\hardware</Filter>
    </None>
    <None Include="..\..\..\..\..\RF24Node\mesh\about.md">
      <Filter>RF24Node\mesh</Filter>
    </None>
    <None Include="..\..\..\..\..\RF24Node\network\about.md">
      <Filter>RF24Node\network</Filter>
    </None>
    <None Include="..\..\..\..\..\RF24Node\physical\about.md">
      <Filter>RF24Node\physical</Filter>
    </None>
  </ItemGroup>
</Project>