
Microsoft Visual Studio Solution File, Format Version 12.00
# Visual Studio Version 16
VisualStudioVersion = 16.0.29521.150
MinimumVisualStudioVersion = 10.0.40219.1
Project("{8BC9CEB8-8B4A-11D0-8D11-00A0C91BC942}") = "StaticNodeConnection", "StaticNodeConnection\StaticNodeConnection.vcxproj", "{5910B2B6-5355-4DB0-AD93-CE1AB31664D0}"
	ProjectSection(ProjectDependencies) = postProject
		{D04A89DA-CD1B-41EC-9ACD-F31B0E675F14} = {D04A89DA-CD1B-41EC-9ACD-F31B0E675F14}
		{84551AF0-447D-4ED5-8DDA-3933C47A95F8} = {84551AF0-447D-4ED5-8DDA-3933C47A95F8}
	EndProjectSection
EndProject
Project("{8BC9CEB8-8B4A-11D0-8D11-00A0C91BC942}") = "FreeRTOSStaticLibrary", "..\..\..\..\lib\FreeRTOS\vs\FreeRTOSStaticLibrary\FreeRTOSStaticLibrary\FreeRTOSStaticLibrary.vcxproj", "{84551AF0-447D-4ED5-8DDA-3933C47A95F8}"
EndProject
Project("{8BC9CEB8-8B4A-11D0-8D11-00A0C91BC942}") = "ThorStaticLibrary", "..\..\..\..\lib\Thor\vs\ThorStaticLibrary\ThorStaticLibrary\ThorStaticLibrary.vcxproj", "{D04A89DA-CD1B-41EC-9ACD-F31B0E675F14}"
	ProjectSection(ProjectDependencies) = postProject
		{84551AF0-447D-4ED5-8DDA-3933C47A95F8} = {84551AF0-447D-4ED5-8DDA-3933C47A95F8}
	EndProjectSection
EndProject
Project("{8BC9CEB8-8B4A-11D0-8D11-00A0C91BC942}") = "ChimeraStaticLibrary", "..\..\..\..\lib\Chimera\vs\ChimeraStaticLibrary\ChimeraStaticLibrary\ChimeraStaticLibrary.vcxproj", "{BE922011-485D-4BE4-A907-336C69F155E4}"
EndProject
Project("{8BC9CEB8-8B4A-11D0-8D11-00A0C91BC942}") = "RF24NodeStaticLibrary", "..\..\..\..\RF24Node\vs\RF24NodeStaticLibrary\RF24NodeStaticLibrary\RF24NodeStaticLibrary.vcxproj", "{1A3B3195-EC38-4C2C-818C-808E5DD42C6E}"
EndProject
Global
	GlobalSection(SolutionConfigurationPlatforms) = preSolution
		Debug|STM32F446RE = Debug|STM32F446RE
		Debug|VisualGDB = Debug|VisualGDB
		Debug|x64 = Debug|x64
		Debug|x86 = Debug|x86
		Release|STM32F446RE = Release|STM32F446RE
		Release|VisualGDB = Release|VisualGDB
		Release|x64 = Release|x64
		Release|x86 = Release|x86
		RF24_1|STM32F446RE = RF24_1|STM32F446RE
		RF24_1|VisualGDB = RF24_1|VisualGDB
		RF24_1|x64 = RF24_1|x64
		RF24_1|x86 = RF24_1|x86
		RF24_2|STM32F446RE = RF24_2|STM32F446RE
		RF24_2|VisualGDB = RF24_2|VisualGDB
		RF24_2|x64 = RF24_2|x64
		RF24_2|x86 = RF24_2|x86
		Standalone|STM32F446RE = Standalone|STM32F446RE
		Standalone|VisualGDB = Standalone|VisualGDB
		Standalone|x64 = Standalone|x64
		Standalone|x86 = Standalone|x86
	EndGlobalSection
	GlobalSection(ProjectConfigurationPlatforms) = postSolution
		{5910B2B6-5355-4DB0-AD93-CE1AB31664D0}.Debug|STM32F446RE.ActiveCfg = Debug|STM32F446RE
		{5910B2B6-5355-4DB0-AD93-CE1AB31664D0}.Debug|STM32F446RE.Build.0 = Debug|STM32F446RE
		{5910B2B6-5355-4DB0-AD93-CE1AB31664D0}.Debug|VisualGDB.ActiveCfg = Debug|VisualGDB
		{5910B2B6-5355-4DB0-AD93-CE1AB31664D0}.Debug|VisualGDB.Build.0 = Debug|VisualGDB
		{5910B2B6-5355-4DB0-AD93-CE1AB31664D0}.Debug|x64.ActiveCfg = Debug|VisualGDB
		{5910B2B6-5355-4DB0-AD93-CE1AB31664D0}.Debug|x86.ActiveCfg = Debug|VisualGDB
		{5910B2B6-5355-4DB0-AD93-CE1AB31664D0}.Release|STM32F446RE.ActiveCfg = Release|VisualGDB
		{5910B2B6-5355-4DB0-AD93-CE1AB31664D0}.Release|VisualGDB.ActiveCfg = Release|VisualGDB
		{5910B2B6-5355-4DB0-AD93-CE1AB31664D0}.Release|VisualGDB.Build.0 = Release|VisualGDB
		{5910B2B6-5355-4DB0-AD93-CE1AB31664D0}.Release|x64.ActiveCfg = Release|VisualGDB
		{5910B2B6-5355-4DB0-AD93-CE1AB31664D0}.Release|x86.ActiveCfg = Release|VisualGDB
		{5910B2B6-5355-4DB0-AD93-CE1AB31664D0}.RF24_1|STM32F446RE.ActiveCfg = RF24_1|STM32F446RE
		{5910B2B6-5355-4DB0-AD93-CE1AB31664D0}.RF24_1|STM32F446RE.Build.0 = RF24_1|STM32F446RE
		{5910B2B6-5355-4DB0-AD93-CE1AB31664D0}.RF24_1|VisualGDB.ActiveCfg = RF24_1|VisualGDB
		{5910B2B6-5355-4DB0-AD93-CE1AB31664D0}.RF24_1|VisualGDB.Build.0 = RF24_1|VisualGDB
		{5910B2B6-5355-4DB0-AD93-CE1AB31664D0}.RF24_1|x64.ActiveCfg = RF24_1|VisualGDB
		{5910B2B6-5355-4DB0-AD93-CE1AB31664D0}.RF24_1|x86.ActiveCfg = RF24_1|VisualGDB
		{5910B2B6-5355-4DB0-AD93-CE1AB31664D0}.RF24_2|STM32F446RE.ActiveCfg = RF24_2|STM32F446RE
		{5910B2B6-5355-4DB0-AD93-CE1AB31664D0}.RF24_2|STM32F446RE.Build.0 = RF24_2|STM32F446RE
		{5910B2B6-5355-4DB0-AD93-CE1AB31664D0}.RF24_2|VisualGDB.ActiveCfg = RF24_2|VisualGDB
		{5910B2B6-5355-4DB0-AD93-CE1AB31664D0}.RF24_2|VisualGDB.Build.0 = RF24_2|VisualGDB
		{5910B2B6-5355-4DB0-AD93-CE1AB31664D0}.RF24_2|x64.ActiveCfg = RF24_2|VisualGDB
		{5910B2B6-5355-4DB0-AD93-CE1AB31664D0}.RF24_2|x86.ActiveCfg = RF24_2|VisualGDB
		{5910B2B6-5355-4DB0-AD93-CE1AB31664D0}.Standalone|STM32F446RE.ActiveCfg = Release|VisualGDB
		{5910B2B6-5355-4DB0-AD93-CE1AB31664D0}.Standalone|STM32F446RE.Build.0 = Release|VisualGDB
		{5910B2B6-5355-4DB0-AD93-CE1AB31664D0}.Standalone|VisualGDB.ActiveCfg = Release|VisualGDB
		{5910B2B6-5355-4DB0-AD93-CE1AB31664D0}.Standalone|VisualGDB.Build.0 = Release|VisualGDB
		{5910B2B6-5355-4DB0-AD93-CE1AB31664D0}.Standalone|x64.ActiveCfg = Release|VisualGDB
		{5910B2B6-5355-4DB0-AD93-CE1AB31664D0}.Standalone|x64.Build.0 = Release|VisualGDB
		{5910B2B6-5355-4DB0-AD93-CE1AB31664D0}.Standalone|x86.ActiveCfg = Release|VisualGDB
		{5910B2B6-5355-4DB0-AD93-CE1AB31664D0}.Standalone|x86.Build.0 = Release|VisualGDB
		{84551AF0-447D-4ED5-8DDA-3933C47A95F8}.Debug|STM32F446RE.ActiveCfg = Debug|STM32F446RE
		{84551AF0-447D-4ED5-8DDA-3933C47A95F8}.Debug|STM32F446RE.Build.0 = Debug|STM32F446RE
		{84551AF0-447D-4ED5-8DDA-3933C47A95F8}.Debug|VisualGDB.ActiveCfg = Debug|STM32F446RE
		{84551AF0-447D-4ED5-8DDA-3933C47A95F8}.Debug|VisualGDB.Build.0 = Debug|STM32F446RE
		{84551AF0-447D-4ED5-8DDA-3933C47A95F8}.Debug|x64.ActiveCfg = Debug|x64
		{84551AF0-447D-4ED5-8DDA-3933C47A95F8}.Debug|x64.Build.0 = Debug|x64
		{84551AF0-447D-4ED5-8DDA-3933C47A95F8}.Debug|x86.ActiveCfg = Debug|Win32
		{84551AF0-447D-4ED5-8DDA-3933C47A95F8}.Debug|x86.Build.0 = Debug|Win32
		{84551AF0-447D-4ED5-8DDA-3933C47A95F8}.Release|STM32F446RE.ActiveCfg = Release|STM32F446RE
		{84551AF0-447D-4ED5-8DDA-3933C47A95F8}.Release|STM32F446RE.Build.0 = Release|STM32F446RE
		{84551AF0-447D-4ED5-8DDA-3933C47A95F8}.Release|VisualGDB.ActiveCfg = Release|Win32
		{84551AF0-447D-4ED5-8DDA-3933C47A95F8}.Release|x64.ActiveCfg = Release|x64
		{84551AF0-447D-4ED5-8DDA-3933C47A95F8}.Release|x64.Build.0 = Release|x64
		{84551AF0-447D-4ED5-8DDA-3933C47A95F8}.Release|x86.ActiveCfg = Release|Win32
		{84551AF0-447D-4ED5-8DDA-3933C47A95F8}.Release|x86.Build.0 = Release|Win32
		{84551AF0-447D-4ED5-8DDA-3933C47A95F8}.RF24_1|STM32F446RE.ActiveCfg = Debug|STM32F446RE
		{84551AF0-447D-4ED5-8DDA-3933C47A95F8}.RF24_1|STM32F446RE.Build.0 = Debug|STM32F446RE
		{84551AF0-447D-4ED5-8DDA-3933C47A95F8}.RF24_1|VisualGDB.ActiveCfg = RF24_1|Win32
		{84551AF0-447D-4ED5-8DDA-3933C47A95F8}.RF24_1|x64.ActiveCfg = RF24_1|x64
		{84551AF0-447D-4ED5-8DDA-3933C47A95F8}.RF24_1|x64.Build.0 = RF24_1|x64
		{84551AF0-447D-4ED5-8DDA-3933C47A95F8}.RF24_1|x86.ActiveCfg = RF24_1|Win32
		{84551AF0-447D-4ED5-8DDA-3933C47A95F8}.RF24_1|x86.Build.0 = RF24_1|Win32
		{84551AF0-447D-4ED5-8DDA-3933C47A95F8}.RF24_2|STM32F446RE.ActiveCfg = Debug|STM32F446RE
		{84551AF0-447D-4ED5-8DDA-3933C47A95F8}.RF24_2|STM32F446RE.Build.0 = Debug|STM32F446RE
		{84551AF0-447D-4ED5-8DDA-3933C47A95F8}.RF24_2|VisualGDB.ActiveCfg = RF24_2|Win32
		{84551AF0-447D-4ED5-8DDA-3933C47A95F8}.RF24_2|x64.ActiveCfg = RF24_2|x64
		{84551AF0-447D-4ED5-8DDA-3933C47A95F8}.RF24_2|x64.Build.0 = RF24_2|x64
		{84551AF0-447D-4ED5-8DDA-3933C47A95F8}.RF24_2|x86.ActiveCfg = RF24_2|Win32
		{84551AF0-447D-4ED5-8DDA-3933C47A95F8}.RF24_2|x86.Build.0 = RF24_2|Win32
		{84551AF0-447D-4ED5-8DDA-3933C47A95F8}.Standalone|STM32F446RE.ActiveCfg = Standalone|STM32F446RE
		{84551AF0-447D-4ED5-8DDA-3933C47A95F8}.Standalone|STM32F446RE.Build.0 = Standalone|STM32F446RE
		{84551AF0-447D-4ED5-8DDA-3933C47A95F8}.Standalone|VisualGDB.ActiveCfg = Standalone|Win32
		{84551AF0-447D-4ED5-8DDA-3933C47A95F8}.Standalone|x64.ActiveCfg = Standalone|x64
		{84551AF0-447D-4ED5-8DDA-3933C47A95F8}.Standalone|x64.Build.0 = Standalone|x64
		{84551AF0-447D-4ED5-8DDA-3933C47A95F8}.Standalone|x86.ActiveCfg = Standalone|Win32
		{84551AF0-447D-4ED5-8DDA-3933C47A95F8}.Standalone|x86.Build.0 = Standalone|Win32
		{D04A89DA-CD1B-41EC-9ACD-F31B0E675F14}.Debug|STM32F446RE.ActiveCfg = Debug|STM32F446RE
		{D04A89DA-CD1B-41EC-9ACD-F31B0E675F14}.Debug|STM32F446RE.Build.0 = Debug|STM32F446RE
		{D04A89DA-CD1B-41EC-9ACD-F31B0E675F14}.Debug|VisualGDB.ActiveCfg = Debug|STM32F446RE
		{D04A89DA-CD1B-41EC-9ACD-F31B0E675F14}.Debug|VisualGDB.Build.0 = Debug|STM32F446RE
		{D04A89DA-CD1B-41EC-9ACD-F31B0E675F14}.Debug|x64.ActiveCfg = Debug|VisualGDB
		{D04A89DA-CD1B-41EC-9ACD-F31B0E675F14}.Debug|x86.ActiveCfg = Debug|VisualGDB
		{D04A89DA-CD1B-41EC-9ACD-F31B0E675F14}.Release|STM32F446RE.ActiveCfg = Release|STM32F446RE
		{D04A89DA-CD1B-41EC-9ACD-F31B0E675F14}.Release|STM32F446RE.Build.0 = Release|STM32F446RE
		{D04A89DA-CD1B-41EC-9ACD-F31B0E675F14}.Release|VisualGDB.ActiveCfg = Release|VisualGDB
		{D04A89DA-CD1B-41EC-9ACD-F31B0E675F14}.Release|VisualGDB.Build.0 = Release|VisualGDB
		{D04A89DA-CD1B-41EC-9ACD-F31B0E675F14}.Release|x64.ActiveCfg = Release|VisualGDB
		{D04A89DA-CD1B-41EC-9ACD-F31B0E675F14}.Release|x86.ActiveCfg = Release|VisualGDB
		{D04A89DA-CD1B-41EC-9ACD-F31B0E675F14}.RF24_1|STM32F446RE.ActiveCfg = Debug|STM32F446RE
		{D04A89DA-CD1B-41EC-9ACD-F31B0E675F14}.RF24_1|STM32F446RE.Build.0 = Debug|STM32F446RE
		{D04A89DA-CD1B-41EC-9ACD-F31B0E675F14}.RF24_1|VisualGDB.ActiveCfg = RF24_1|VisualGDB
		{D04A89DA-CD1B-41EC-9ACD-F31B0E675F14}.RF24_1|VisualGDB.Build.0 = RF24_1|VisualGDB
		{D04A89DA-CD1B-41EC-9ACD-F31B0E675F14}.RF24_1|x64.ActiveCfg = RF24_1|VisualGDB
		{D04A89DA-CD1B-41EC-9ACD-F31B0E675F14}.RF24_1|x86.ActiveCfg = RF24_1|VisualGDB
		{D04A89DA-CD1B-41EC-9ACD-F31B0E675F14}.RF24_2|STM32F446RE.ActiveCfg = Debug|STM32F446RE
		{D04A89DA-CD1B-41EC-9ACD-F31B0E675F14}.RF24_2|STM32F446RE.Build.0 = Debug|STM32F446RE
		{D04A89DA-CD1B-41EC-9ACD-F31B0E675F14}.RF24_2|VisualGDB.ActiveCfg = RF24_2|VisualGDB
		{D04A89DA-CD1B-41EC-9ACD-F31B0E675F14}.RF24_2|VisualGDB.Build.0 = RF24_2|VisualGDB
		{D04A89DA-CD1B-41EC-9ACD-F31B0E675F14}.RF24_2|x64.ActiveCfg = RF24_2|VisualGDB
		{D04A89DA-CD1B-41EC-9ACD-F31B0E675F14}.RF24_2|x86.ActiveCfg = RF24_2|VisualGDB
		{D04A89DA-CD1B-41EC-9ACD-F31B0E675F14}.Standalone|STM32F446RE.ActiveCfg = Debug|STM32F446RE
		{D04A89DA-CD1B-41EC-9ACD-F31B0E675F14}.Standalone|STM32F446RE.Build.0 = Debug|STM32F446RE
		{D04A89DA-CD1B-41EC-9ACD-F31B0E675F14}.Standalone|VisualGDB.ActiveCfg = Debug|VisualGDB
		{D04A89DA-CD1B-41EC-9ACD-F31B0E675F14}.Standalone|VisualGDB.Build.0 = Debug|VisualGDB
		{D04A89DA-CD1B-41EC-9ACD-F31B0E675F14}.Standalone|x64.ActiveCfg = Debug|VisualGDB
		{D04A89DA-CD1B-41EC-9ACD-F31B0E675F14}.Standalone|x64.Build.0 = Debug|VisualGDB
		{D04A89DA-CD1B-41EC-9ACD-F31B0E675F14}.Standalone|x86.ActiveCfg = Debug|VisualGDB
		{D04A89DA-CD1B-41EC-9ACD-F31B0E675F14}.Standalone|x86.Build.0 = Debug|VisualGDB
		{BE922011-485D-4BE4-A907-336C69F155E4}.Debug|STM32F446RE.ActiveCfg = Debug|STM32F446RE
		{BE922011-485D-4BE4-A907-336C69F155E4}.Debug|STM32F446RE.Build.0 = Debug|STM32F446RE
		{BE922011-485D-4BE4-A907-336C69F155E4}.Debug|VisualGDB.ActiveCfg = Debug|VisualGDB
		{BE922011-485D-4BE4-A907-336C69F155E4}.Debug|VisualGDB.Build.0 = Debug|VisualGDB
		{BE922011-485D-4BE4-A907-336C69F155E4}.Debug|x64.ActiveCfg = Debug|x64
		{BE922011-485D-4BE4-A907-336C69F155E4}.Debug|x64.Build.0 = Debug|x64
		{BE922011-485D-4BE4-A907-336C69F155E4}.Debug|x86.ActiveCfg = Debug|Win32
		{BE922011-485D-4BE4-A907-336C69F155E4}.Debug|x86.Build.0 = Debug|Win32
		{BE922011-485D-4BE4-A907-336C69F155E4}.Release|STM32F446RE.ActiveCfg = Release|STM32F446RE
		{BE922011-485D-4BE4-A907-336C69F155E4}.Release|STM32F446RE.Build.0 = Release|STM32F446RE
		{BE922011-485D-4BE4-A907-336C69F155E4}.Release|VisualGDB.ActiveCfg = Release|VisualGDB
		{BE922011-485D-4BE4-A907-336C69F155E4}.Release|VisualGDB.Build.0 = Release|VisualGDB
		{BE922011-485D-4BE4-A907-336C69F155E4}.Release|x64.ActiveCfg = Release|x64
		{BE922011-485D-4BE4-A907-336C69F155E4}.Release|x64.Build.0 = Release|x64
		{BE922011-485D-4BE4-A907-336C69F155E4}.Release|x86.ActiveCfg = Release|Win32
		{BE922011-485D-4BE4-A907-336C69F155E4}.Release|x86.Build.0 = Release|Win32
		{BE922011-485D-4BE4-A907-336C69F155E4}.RF24_1|STM32F446RE.ActiveCfg = Debug|STM32F446RE
		{BE922011-485D-4BE4-A907-336C69F155E4}.RF24_1|STM32F446RE.Build.0 = Debug|STM32F446RE
		{BE922011-485D-4BE4-A907-336C69F155E4}.RF24_1|VisualGDB.ActiveCfg = RF24_1|VisualGDB
		{BE922011-485D-4BE4-A907-336C69F155E4}.RF24_1|VisualGDB.Build.0 = RF24_1|VisualGDB
		{BE922011-485D-4BE4-A907-336C69F155E4}.RF24_1|x64.ActiveCfg = RF24_1|x64
		{BE922011-485D-4BE4-A907-336C69F155E4}.RF24_1|x64.Build.0 = RF24_1|x64
		{BE922011-485D-4BE4-A907-336C69F155E4}.RF24_1|x86.ActiveCfg = RF24_1|Win32
		{BE922011-485D-4BE4-A907-336C69F155E4}.RF24_1|x86.Build.0 = RF24_1|Win32
		{BE922011-485D-4BE4-A907-336C69F155E4}.RF24_2|STM32F446RE.ActiveCfg = Debug|STM32F446RE
		{BE922011-485D-4BE4-A907-336C69F155E4}.RF24_2|STM32F446RE.Build.0 = Debug|STM32F446RE
		{BE922011-485D-4BE4-A907-336C69F155E4}.RF24_2|VisualGDB.ActiveCfg = RF24_2|VisualGDB
		{BE922011-485D-4BE4-A907-336C69F155E4}.RF24_2|VisualGDB.Build.0 = RF24_2|VisualGDB
		{BE922011-485D-4BE4-A907-336C69F155E4}.RF24_2|x64.ActiveCfg = RF24_2|x64
		{BE922011-485D-4BE4-A907-336C69F155E4}.RF24_2|x64.Build.0 = RF24_2|x64
		{BE922011-485D-4BE4-A907-336C69F155E4}.RF24_2|x86.ActiveCfg = RF24_2|Win32
		{BE922011-485D-4BE4-A907-336C69F155E4}.RF24_2|x86.Build.0 = RF24_2|Win32
		{BE922011-485D-4BE4-A907-336C69F155E4}.Standalone|STM32F446RE.ActiveCfg = Standalone|STM32F446RE
		{BE922011-485D-4BE4-A907-336C69F155E4}.Standalone|STM32F446RE.Build.0 = Standalone|STM32F446RE
		{BE922011-485D-4BE4-A907-336C69F155E4}.Standalone|VisualGDB.ActiveCfg = Standalone|VisualGDB
		{BE922011-485D-4BE4-A907-336C69F155E4}.Standalone|VisualGDB.Build.0 = Standalone|VisualGDB
		{BE922011-485D-4BE4-A907-336C69F155E4}.Standalone|x64.ActiveCfg = Standalone|x64
		{BE922011-485D-4BE4-A907-336C69F155E4}.Standalone|x64.Build.0 = Standalone|x64
		{BE922011-485D-4BE4-A907-336C69F155E4}.Standalone|x86.ActiveCfg = Standalone|Win32
		{BE922011-485D-4BE4-A907-336C69F155E4}.Standalone|x86.Build.0 = Standalone|Win32
		{1A3B3195-EC38-4C2C-818C-808E5DD42C6E}.Debug|STM32F446RE.ActiveCfg = Debug|STM32F446RE
		{1A3B3195-EC38-4C2C-818C-808E5DD42C6E}.Debug|STM32F446RE.Build.0 = Debug|STM32F446RE
		{1A3B3195-EC38-4C2C-818C-808E5DD42C6E}.Debug|VisualGDB.ActiveCfg = Debug|Win32
		{1A3B3195-EC38-4C2C-818C-808E5DD42C6E}.Debug|x64.ActiveCfg = Debug|x64
		{1A3B3195-EC38-4C2C-818C-808E5DD42C6E}.Debug|x64.Build.0 = Debug|x64
		{1A3B3195-EC38-4C2C-818C-808E5DD42C6E}.Debug|x86.ActiveCfg = Debug|Win32
		{1A3B3195-EC38-4C2C-818C-808E5DD42C6E}.Debug|x86.Build.0 = Debug|Win32
		{1A3B3195-EC38-4C2C-818C-808E5DD42C6E}.Release|STM32F446RE.ActiveCfg = Release|Win32
		{1A3B3195-EC38-4C2C-818C-808E5DD42C6E}.Release|VisualGDB.ActiveCfg = Release|Win32
		{1A3B3195-EC38-4C2C-818C-808E5DD42C6E}.Release|x64.ActiveCfg = Release|x64
		{1A3B3195-EC38-4C2C-818C-808E5DD42C6E}.Release|x64.Build.0 = Release|x64
		{1A3B3195-EC38-4C2C-818C-808E5DD42C6E}.Release|x86.ActiveCfg = Release|Win32
		{1A3B3195-EC38-4C2C-818C-808E5DD42C6E}.Release|x86.Build.0 = Release|Win32
		{1A3B3195-EC38-4C2C-818C-808E5DD42C6E}.RF24_1|STM32F446RE.ActiveCfg = Debug|STM32F446RE
		{1A3B3195-EC38-4C2C-818C-808E5DD42C6E}.RF24_1|STM32F446RE.Build.0 = Debug|STM32F446RE
		{1A3B3195-EC38-4C2C-818C-808E5DD42C6E}.RF24_1|VisualGDB.ActiveCfg = RF24_1|Win32
		{1A3B3195-EC38-4C2C-818C-808E5DD42C6E}.RF24_1|x64.ActiveCfg = RF24_1|x64
		{1A3B3195-EC38-4C2C-818C-808E5DD42C6E}.RF24_1|x64.Build.0 = RF24_1|x64
		{1A3B3195-EC38-4C2C-818C-808E5DD42C6E}.RF24_1|x86.ActiveCfg = RF24_1|Win32
		{1A3B3195-EC38-4C2C-818C-808E5DD42C6E}.RF24_1|x86.Build.0 = RF24_1|Win32
		{1A3B3195-EC38-4C2C-818C-808E5DD42C6E}.RF24_2|STM32F446RE.ActiveCfg = Debug|STM32F446RE
		{1A3B3195-EC38-4C2C-818C-808E5DD42C6E}.RF24_2|STM32F446RE.Build.0 = Debug|STM32F446RE
		{1A3B3195-EC38-4C2C-818C-808E5DD42C6E}.RF24_2|VisualGDB.ActiveCfg = RF24_2|Win32
		{1A3B3195-EC38-4C2C-818C-808E5DD42C6E}.RF24_2|x64.ActiveCfg = RF24_2|x64
		{1A3B3195-EC38-4C2C-818C-808E5DD42C6E}.RF24_2|x64.Build.0 = RF24_2|x64
		{1A3B3195-EC38-4C2C-818C-808E5DD42C6E}.RF24_2|x86.ActiveCfg = RF24_2|Win32
		{1A3B3195-EC38-4C2C-818C-808E5DD42C6E}.RF24_2|x86.Build.0 = RF24_2|Win32
		{1A3B3195-EC38-4C2C-818C-808E5DD42C6E}.Standalone|STM32F446RE.ActiveCfg = Release|x64
		{1A3B3195-EC38-4C2C-818C-808E5DD42C6E}.Standalone|STM32F446RE.Build.0 = Release|x64
		{1A3B3195-EC38-4C2C-818C-808E5DD42C6E}.Standalone|VisualGDB.ActiveCfg = Release|x64
		{1A3B3195-EC38-4C2C-818C-808E5DD42C6E}.Standalone|VisualGDB.Build.0 = Release|x64
		{1A3B3195-EC38-4C2C-818C-808E5DD42C6E}.Standalone|x64.ActiveCfg = Release|x64
		{1A3B3195-EC38-4C2C-818C-808E5DD42C6E}.Standalone|x64.Build.0 = Release|x64
		{1A3B3195-EC38-4C2C-818C-808E5DD42C6E}.Standalone|x86.ActiveCfg = Release|Win32
		{1A3B3195-EC38-4C2C-818C-808E5DD42C6E}.Standalone|x86.Build.0 = Release|Win32
	EndGlobalSection
	GlobalSection(SolutionProperties) = preSolution
		HideSolutionNode = FALSE
	EndGlobalSection
	GlobalSection(ExtensibilityGlobals) = postSolution
		SolutionGuid = {76DE1D0C-5870-4213-8FA8-0F3CC6CB5B09}
	EndGlobalSection
EndGlobal
